// !$*UTF8*$!
{
	archiveVersion = 1;
	classes = {
	};
	objectVersion = 55;
	objects = {

/* Begin PBXBuildFile section */
		09376AE628DC8A3900732AF5 /* ScheduleModel.swift in Sources */ = {isa = PBXBuildFile; fileRef = 09376AE528DC8A3900732AF5 /* ScheduleModel.swift */; };
		09376AEB28DCD16400732AF5 /* ScheduleEntity+CoreDataClass.swift in Sources */ = {isa = PBXBuildFile; fileRef = 09376AE728DCD16400732AF5 /* ScheduleEntity+CoreDataClass.swift */; };
		09376AEC28DCD16400732AF5 /* ScheduleEntity+CoreDataProperties.swift in Sources */ = {isa = PBXBuildFile; fileRef = 09376AE828DCD16400732AF5 /* ScheduleEntity+CoreDataProperties.swift */; };
		09376AED28DCD16400732AF5 /* WorkoutEntity+CoreDataClass.swift in Sources */ = {isa = PBXBuildFile; fileRef = 09376AE928DCD16400732AF5 /* WorkoutEntity+CoreDataClass.swift */; };
		09376AEE28DCD16400732AF5 /* WorkoutEntity+CoreDataProperties.swift in Sources */ = {isa = PBXBuildFile; fileRef = 09376AEA28DCD16400732AF5 /* WorkoutEntity+CoreDataProperties.swift */; };
		098D3B39289AAB410003C06D /* CoreDataManager.swift in Sources */ = {isa = PBXBuildFile; fileRef = 098D3B38289AAB400003C06D /* CoreDataManager.swift */; };
		09981B2D2850DB8200EB909B /* AssignWorkoutDatePickerView.swift in Sources */ = {isa = PBXBuildFile; fileRef = 09981B2C2850DB8200EB909B /* AssignWorkoutDatePickerView.swift */; };
		09A1F869281976FA00ADD4FE /* WorkoutManager.swift in Sources */ = {isa = PBXBuildFile; fileRef = 09A1F868281976FA00ADD4FE /* WorkoutManager.swift */; };
		09A408382885595D0026632C /* MultiSelectPickerView.swift in Sources */ = {isa = PBXBuildFile; fileRef = 09A408372885595D0026632C /* MultiSelectPickerView.swift */; };
		09A4F4AF28266C9500E73DE2 /* SetModel.swift in Sources */ = {isa = PBXBuildFile; fileRef = 09A4F4AE28266C9500E73DE2 /* SetModel.swift */; };
		09A75F802881925A001CF5B9 /* CollectionTabView.swift in Sources */ = {isa = PBXBuildFile; fileRef = 09A75F7F2881925A001CF5B9 /* CollectionTabView.swift */; };
		09A75F822881ABAB001CF5B9 /* ExercisesTabView.swift in Sources */ = {isa = PBXBuildFile; fileRef = 09A75F812881ABAB001CF5B9 /* ExercisesTabView.swift */; };
		09A760762884966900381E05 /* ExerciseCardView.swift in Sources */ = {isa = PBXBuildFile; fileRef = 09A760752884966900381E05 /* ExerciseCardView.swift */; };
		09A7CA1E288AEE8500211FDB /* WeekView.swift in Sources */ = {isa = PBXBuildFile; fileRef = 09A7CA1D288AEE8500211FDB /* WeekView.swift */; };
		09A91B3C28DB516D00C5C985 /* StoreExerciseEntity+CoreDataClass.swift in Sources */ = {isa = PBXBuildFile; fileRef = 09A91B3228DB516D00C5C985 /* StoreExerciseEntity+CoreDataClass.swift */; };
		09A91B3D28DB516D00C5C985 /* StoreExerciseEntity+CoreDataProperties.swift in Sources */ = {isa = PBXBuildFile; fileRef = 09A91B3328DB516D00C5C985 /* StoreExerciseEntity+CoreDataProperties.swift */; };
		09A91B3E28DB516D00C5C985 /* StoreSetEntity+CoreDataClass.swift in Sources */ = {isa = PBXBuildFile; fileRef = 09A91B3428DB516D00C5C985 /* StoreSetEntity+CoreDataClass.swift */; };
		09A91B3F28DB516D00C5C985 /* StoreSetEntity+CoreDataProperties.swift in Sources */ = {isa = PBXBuildFile; fileRef = 09A91B3528DB516D00C5C985 /* StoreSetEntity+CoreDataProperties.swift */; };
		09A91B4028DB516D00C5C985 /* ExerciseEntity+CoreDataClass.swift in Sources */ = {isa = PBXBuildFile; fileRef = 09A91B3628DB516D00C5C985 /* ExerciseEntity+CoreDataClass.swift */; };
		09A91B4128DB516D00C5C985 /* ExerciseEntity+CoreDataProperties.swift in Sources */ = {isa = PBXBuildFile; fileRef = 09A91B3728DB516D00C5C985 /* ExerciseEntity+CoreDataProperties.swift */; };
		09A91B4228DB516D00C5C985 /* SetEntity+CoreDataClass.swift in Sources */ = {isa = PBXBuildFile; fileRef = 09A91B3828DB516D00C5C985 /* SetEntity+CoreDataClass.swift */; };
		09A91B4328DB516D00C5C985 /* SetEntity+CoreDataProperties.swift in Sources */ = {isa = PBXBuildFile; fileRef = 09A91B3928DB516D00C5C985 /* SetEntity+CoreDataProperties.swift */; };
		09ACE7052880482F001FDCFF /* NotificationManager.swift in Sources */ = {isa = PBXBuildFile; fileRef = 09ACE7042880482F001FDCFF /* NotificationManager.swift */; };
		09ACE7072880A6C4001FDCFF /* CreateExerciseSheetView.swift in Sources */ = {isa = PBXBuildFile; fileRef = 09ACE7062880A6C4001FDCFF /* CreateExerciseSheetView.swift */; };
		09B398712811CC0E0067ECE4 /* WorkoutModel.swift in Sources */ = {isa = PBXBuildFile; fileRef = 09B398702811CC0E0067ECE4 /* WorkoutModel.swift */; };
		09B398732811CC180067ECE4 /* ExerciseModel.swift in Sources */ = {isa = PBXBuildFile; fileRef = 09B398722811CC180067ECE4 /* ExerciseModel.swift */; };
		09BA3889287DEEAD00E88368 /* HapticManager.swift in Sources */ = {isa = PBXBuildFile; fileRef = 09BA3888287DEEAD00E88368 /* HapticManager.swift */; };
		09BCA62F28DF54C8006AC5F2 /* EmptyView.swift in Sources */ = {isa = PBXBuildFile; fileRef = 09BCA62E28DF54C8006AC5F2 /* EmptyView.swift */; };
		09C23955281ED6100077D8AD /* ViewRouter.swift in Sources */ = {isa = PBXBuildFile; fileRef = 09C23954281ED6100077D8AD /* ViewRouter.swift */; };
		09C23957281EE0390077D8AD /* CalendarTabView.swift in Sources */ = {isa = PBXBuildFile; fileRef = 09C23956281EE0390077D8AD /* CalendarTabView.swift */; };
		09C23959281EE0480077D8AD /* WorkoutsTabView.swift in Sources */ = {isa = PBXBuildFile; fileRef = 09C23958281EE0480077D8AD /* WorkoutsTabView.swift */; };
		09C2395B281EE05D0077D8AD /* ProfileTabView.swift in Sources */ = {isa = PBXBuildFile; fileRef = 09C2395A281EE05D0077D8AD /* ProfileTabView.swift */; };
		09CD7B9328CBA69600F6FAD6 /* CollectionContainer.xcdatamodeld in Sources */ = {isa = PBXBuildFile; fileRef = 09CD7B9128CBA69600F6FAD6 /* CollectionContainer.xcdatamodeld */; };
		09F0AD2F283BD5C200A7E1AE /* WorkoutCardView.swift in Sources */ = {isa = PBXBuildFile; fileRef = 09F0AD2E283BD5C200A7E1AE /* WorkoutCardView.swift */; };
		09FE501F280DD95600DE4368 /* FitnessAppApp.swift in Sources */ = {isa = PBXBuildFile; fileRef = 09FE501E280DD95600DE4368 /* FitnessAppApp.swift */; };
		09FE5023280DD95700DE4368 /* Assets.xcassets in Resources */ = {isa = PBXBuildFile; fileRef = 09FE5022280DD95700DE4368 /* Assets.xcassets */; };
		09FE5026280DD95700DE4368 /* Preview Assets.xcassets in Resources */ = {isa = PBXBuildFile; fileRef = 09FE5025280DD95700DE4368 /* Preview Assets.xcassets */; };
		09FE502F280DD9DF00DE4368 /* HomeTabView.swift in Sources */ = {isa = PBXBuildFile; fileRef = 09FE502E280DD9DF00DE4368 /* HomeTabView.swift */; };
		09FE5034280DDF4100DE4368 /* DateModel.swift in Sources */ = {isa = PBXBuildFile; fileRef = 09FE5033280DDF4100DE4368 /* DateModel.swift */; };
		09FE5036280DF50C00DE4368 /* BaseView.swift in Sources */ = {isa = PBXBuildFile; fileRef = 09FE5035280DF50C00DE4368 /* BaseView.swift */; };
		09FE542A2825C89F0088D91D /* CreateWorkoutSheetView.swift in Sources */ = {isa = PBXBuildFile; fileRef = 09FE54292825C89F0088D91D /* CreateWorkoutSheetView.swift */; };
/* End PBXBuildFile section */

/* Begin PBXFileReference section */
		09376AE528DC8A3900732AF5 /* ScheduleModel.swift */ = {isa = PBXFileReference; lastKnownFileType = sourcecode.swift; path = ScheduleModel.swift; sourceTree = "<group>"; };
		09376AE728DCD16400732AF5 /* ScheduleEntity+CoreDataClass.swift */ = {isa = PBXFileReference; lastKnownFileType = sourcecode.swift; path = "ScheduleEntity+CoreDataClass.swift"; sourceTree = "<group>"; };
		09376AE828DCD16400732AF5 /* ScheduleEntity+CoreDataProperties.swift */ = {isa = PBXFileReference; lastKnownFileType = sourcecode.swift; path = "ScheduleEntity+CoreDataProperties.swift"; sourceTree = "<group>"; };
		09376AE928DCD16400732AF5 /* WorkoutEntity+CoreDataClass.swift */ = {isa = PBXFileReference; lastKnownFileType = sourcecode.swift; path = "WorkoutEntity+CoreDataClass.swift"; sourceTree = "<group>"; };
		09376AEA28DCD16400732AF5 /* WorkoutEntity+CoreDataProperties.swift */ = {isa = PBXFileReference; lastKnownFileType = sourcecode.swift; path = "WorkoutEntity+CoreDataProperties.swift"; sourceTree = "<group>"; };
		098D3B38289AAB400003C06D /* CoreDataManager.swift */ = {isa = PBXFileReference; fileEncoding = 4; lastKnownFileType = sourcecode.swift; path = CoreDataManager.swift; sourceTree = "<group>"; };
		09981B2C2850DB8200EB909B /* AssignWorkoutDatePickerView.swift */ = {isa = PBXFileReference; lastKnownFileType = sourcecode.swift; path = AssignWorkoutDatePickerView.swift; sourceTree = "<group>"; };
		09A1F868281976FA00ADD4FE /* WorkoutManager.swift */ = {isa = PBXFileReference; lastKnownFileType = sourcecode.swift; path = WorkoutManager.swift; sourceTree = "<group>"; };
		09A408372885595D0026632C /* MultiSelectPickerView.swift */ = {isa = PBXFileReference; lastKnownFileType = sourcecode.swift; path = MultiSelectPickerView.swift; sourceTree = "<group>"; };
		09A4F4AE28266C9500E73DE2 /* SetModel.swift */ = {isa = PBXFileReference; lastKnownFileType = sourcecode.swift; path = SetModel.swift; sourceTree = "<group>"; };
		09A75F7F2881925A001CF5B9 /* CollectionTabView.swift */ = {isa = PBXFileReference; lastKnownFileType = sourcecode.swift; path = CollectionTabView.swift; sourceTree = "<group>"; };
		09A75F812881ABAB001CF5B9 /* ExercisesTabView.swift */ = {isa = PBXFileReference; lastKnownFileType = sourcecode.swift; path = ExercisesTabView.swift; sourceTree = "<group>"; };
		09A760752884966900381E05 /* ExerciseCardView.swift */ = {isa = PBXFileReference; lastKnownFileType = sourcecode.swift; path = ExerciseCardView.swift; sourceTree = "<group>"; };
		09A7CA1D288AEE8500211FDB /* WeekView.swift */ = {isa = PBXFileReference; lastKnownFileType = sourcecode.swift; path = WeekView.swift; sourceTree = "<group>"; };
		09A91B3228DB516D00C5C985 /* StoreExerciseEntity+CoreDataClass.swift */ = {isa = PBXFileReference; lastKnownFileType = sourcecode.swift; path = "StoreExerciseEntity+CoreDataClass.swift"; sourceTree = "<group>"; };
		09A91B3328DB516D00C5C985 /* StoreExerciseEntity+CoreDataProperties.swift */ = {isa = PBXFileReference; lastKnownFileType = sourcecode.swift; path = "StoreExerciseEntity+CoreDataProperties.swift"; sourceTree = "<group>"; };
		09A91B3428DB516D00C5C985 /* StoreSetEntity+CoreDataClass.swift */ = {isa = PBXFileReference; lastKnownFileType = sourcecode.swift; path = "StoreSetEntity+CoreDataClass.swift"; sourceTree = "<group>"; };
		09A91B3528DB516D00C5C985 /* StoreSetEntity+CoreDataProperties.swift */ = {isa = PBXFileReference; lastKnownFileType = sourcecode.swift; path = "StoreSetEntity+CoreDataProperties.swift"; sourceTree = "<group>"; };
		09A91B3628DB516D00C5C985 /* ExerciseEntity+CoreDataClass.swift */ = {isa = PBXFileReference; lastKnownFileType = sourcecode.swift; path = "ExerciseEntity+CoreDataClass.swift"; sourceTree = "<group>"; };
		09A91B3728DB516D00C5C985 /* ExerciseEntity+CoreDataProperties.swift */ = {isa = PBXFileReference; lastKnownFileType = sourcecode.swift; path = "ExerciseEntity+CoreDataProperties.swift"; sourceTree = "<group>"; };
		09A91B3828DB516D00C5C985 /* SetEntity+CoreDataClass.swift */ = {isa = PBXFileReference; lastKnownFileType = sourcecode.swift; path = "SetEntity+CoreDataClass.swift"; sourceTree = "<group>"; };
		09A91B3928DB516D00C5C985 /* SetEntity+CoreDataProperties.swift */ = {isa = PBXFileReference; lastKnownFileType = sourcecode.swift; path = "SetEntity+CoreDataProperties.swift"; sourceTree = "<group>"; };
		09ACE7042880482F001FDCFF /* NotificationManager.swift */ = {isa = PBXFileReference; lastKnownFileType = sourcecode.swift; path = NotificationManager.swift; sourceTree = "<group>"; };
		09ACE7062880A6C4001FDCFF /* CreateExerciseSheetView.swift */ = {isa = PBXFileReference; lastKnownFileType = sourcecode.swift; path = CreateExerciseSheetView.swift; sourceTree = "<group>"; };
		09B398702811CC0E0067ECE4 /* WorkoutModel.swift */ = {isa = PBXFileReference; lastKnownFileType = sourcecode.swift; path = WorkoutModel.swift; sourceTree = "<group>"; };
		09B398722811CC180067ECE4 /* ExerciseModel.swift */ = {isa = PBXFileReference; lastKnownFileType = sourcecode.swift; path = ExerciseModel.swift; sourceTree = "<group>"; };
		09BA3888287DEEAD00E88368 /* HapticManager.swift */ = {isa = PBXFileReference; lastKnownFileType = sourcecode.swift; path = HapticManager.swift; sourceTree = "<group>"; };
		09BCA62E28DF54C8006AC5F2 /* EmptyView.swift */ = {isa = PBXFileReference; lastKnownFileType = sourcecode.swift; path = EmptyView.swift; sourceTree = "<group>"; };
		09C23954281ED6100077D8AD /* ViewRouter.swift */ = {isa = PBXFileReference; lastKnownFileType = sourcecode.swift; path = ViewRouter.swift; sourceTree = "<group>"; };
		09C23956281EE0390077D8AD /* CalendarTabView.swift */ = {isa = PBXFileReference; lastKnownFileType = sourcecode.swift; path = CalendarTabView.swift; sourceTree = "<group>"; };
		09C23958281EE0480077D8AD /* WorkoutsTabView.swift */ = {isa = PBXFileReference; lastKnownFileType = sourcecode.swift; path = WorkoutsTabView.swift; sourceTree = "<group>"; };
		09C2395A281EE05D0077D8AD /* ProfileTabView.swift */ = {isa = PBXFileReference; lastKnownFileType = sourcecode.swift; path = ProfileTabView.swift; sourceTree = "<group>"; };
		09CD7B9228CBA69600F6FAD6 /* CollectionContainer.xcdatamodel */ = {isa = PBXFileReference; lastKnownFileType = wrapper.xcdatamodel; path = CollectionContainer.xcdatamodel; sourceTree = "<group>"; };
		09F0AD2E283BD5C200A7E1AE /* WorkoutCardView.swift */ = {isa = PBXFileReference; lastKnownFileType = sourcecode.swift; path = WorkoutCardView.swift; sourceTree = "<group>"; };
		09FE501B280DD95600DE4368 /* FitnessApp.app */ = {isa = PBXFileReference; explicitFileType = wrapper.application; includeInIndex = 0; path = FitnessApp.app; sourceTree = BUILT_PRODUCTS_DIR; };
		09FE501E280DD95600DE4368 /* FitnessAppApp.swift */ = {isa = PBXFileReference; lastKnownFileType = sourcecode.swift; path = FitnessAppApp.swift; sourceTree = "<group>"; };
		09FE5022280DD95700DE4368 /* Assets.xcassets */ = {isa = PBXFileReference; lastKnownFileType = folder.assetcatalog; path = Assets.xcassets; sourceTree = "<group>"; };
		09FE5025280DD95700DE4368 /* Preview Assets.xcassets */ = {isa = PBXFileReference; lastKnownFileType = folder.assetcatalog; path = "Preview Assets.xcassets"; sourceTree = "<group>"; };
		09FE502E280DD9DF00DE4368 /* HomeTabView.swift */ = {isa = PBXFileReference; lastKnownFileType = sourcecode.swift; path = HomeTabView.swift; sourceTree = "<group>"; };
		09FE5033280DDF4100DE4368 /* DateModel.swift */ = {isa = PBXFileReference; lastKnownFileType = sourcecode.swift; path = DateModel.swift; sourceTree = "<group>"; };
		09FE5035280DF50C00DE4368 /* BaseView.swift */ = {isa = PBXFileReference; lastKnownFileType = sourcecode.swift; path = BaseView.swift; sourceTree = "<group>"; };
		09FE54292825C89F0088D91D /* CreateWorkoutSheetView.swift */ = {isa = PBXFileReference; lastKnownFileType = sourcecode.swift; path = CreateWorkoutSheetView.swift; sourceTree = "<group>"; };
/* End PBXFileReference section */

/* Begin PBXFrameworksBuildPhase section */
		09FE5018280DD95600DE4368 /* Frameworks */ = {
			isa = PBXFrameworksBuildPhase;
			buildActionMask = 2147483647;
			files = (
			);
			runOnlyForDeploymentPostprocessing = 0;
		};
/* End PBXFrameworksBuildPhase section */

/* Begin PBXGroup section */
		09A4F4B42826746700E73DE2 /* HomeTab */ = {
			isa = PBXGroup;
			children = (
				09FE502E280DD9DF00DE4368 /* HomeTabView.swift */,
				09A7CA1D288AEE8500211FDB /* WeekView.swift */,
				09BCA62E28DF54C8006AC5F2 /* EmptyView.swift */,
			);
			path = HomeTab;
			sourceTree = "<group>";
		};
		09A4F4B52826748300E73DE2 /* CalendarTab */ = {
			isa = PBXGroup;
			children = (
				09C23956281EE0390077D8AD /* CalendarTabView.swift */,
			);
			path = CalendarTab;
			sourceTree = "<group>";
		};
		09A4F4B62826748E00E73DE2 /* WorkoutTab */ = {
			isa = PBXGroup;
			children = (
				09A75F7F2881925A001CF5B9 /* CollectionTabView.swift */,
				09A408372885595D0026632C /* MultiSelectPickerView.swift */,
				09A760772884967F00381E05 /* Workouts */,
				09A760782884969200381E05 /* Exercises */,
			);
			path = WorkoutTab;
			sourceTree = "<group>";
		};
		09A4F4B7282674A600E73DE2 /* ProfileTab */ = {
			isa = PBXGroup;
			children = (
				09C2395A281EE05D0077D8AD /* ProfileTabView.swift */,
			);
			path = ProfileTab;
			sourceTree = "<group>";
		};
		09A760772884967F00381E05 /* Workouts */ = {
			isa = PBXGroup;
			children = (
				09C23958281EE0480077D8AD /* WorkoutsTabView.swift */,
				09F0AD2E283BD5C200A7E1AE /* WorkoutCardView.swift */,
				09FE54292825C89F0088D91D /* CreateWorkoutSheetView.swift */,
				09981B2C2850DB8200EB909B /* AssignWorkoutDatePickerView.swift */,
			);
			path = Workouts;
			sourceTree = "<group>";
		};
		09A760782884969200381E05 /* Exercises */ = {
			isa = PBXGroup;
			children = (
				09A75F812881ABAB001CF5B9 /* ExercisesTabView.swift */,
				09A760752884966900381E05 /* ExerciseCardView.swift */,
				09ACE7062880A6C4001FDCFF /* CreateExerciseSheetView.swift */,
			);
			path = Exercises;
			sourceTree = "<group>";
		};
		09D352F928D9E93D00CA5D1F /* CoreData */ = {
			isa = PBXGroup;
			children = (
				098D3B38289AAB400003C06D /* CoreDataManager.swift */,
				09CD7B9128CBA69600F6FAD6 /* CollectionContainer.xcdatamodeld */,
				09D352FA28D9F94D00CA5D1F /* Model */,
			);
			path = CoreData;
			sourceTree = "<group>";
		};
		09D352FA28D9F94D00CA5D1F /* Model */ = {
			isa = PBXGroup;
			children = (
				09376AE728DCD16400732AF5 /* ScheduleEntity+CoreDataClass.swift */,
				09376AE828DCD16400732AF5 /* ScheduleEntity+CoreDataProperties.swift */,
				09376AE928DCD16400732AF5 /* WorkoutEntity+CoreDataClass.swift */,
				09376AEA28DCD16400732AF5 /* WorkoutEntity+CoreDataProperties.swift */,
				09A91B3628DB516D00C5C985 /* ExerciseEntity+CoreDataClass.swift */,
				09A91B3728DB516D00C5C985 /* ExerciseEntity+CoreDataProperties.swift */,
				09A91B3828DB516D00C5C985 /* SetEntity+CoreDataClass.swift */,
				09A91B3928DB516D00C5C985 /* SetEntity+CoreDataProperties.swift */,
				09A91B3228DB516D00C5C985 /* StoreExerciseEntity+CoreDataClass.swift */,
				09A91B3328DB516D00C5C985 /* StoreExerciseEntity+CoreDataProperties.swift */,
				09A91B3428DB516D00C5C985 /* StoreSetEntity+CoreDataClass.swift */,
				09A91B3528DB516D00C5C985 /* StoreSetEntity+CoreDataProperties.swift */,
			);
			path = Model;
			sourceTree = "<group>";
		};
		09D352FB28D9F96000CA5D1F /* Core */ = {
			isa = PBXGroup;
			children = (
				09D352FC28D9F98A00CA5D1F /* Model */,
				09FE502C280DD9A700DE4368 /* View */,
				09FE502D280DD9AE00DE4368 /* View Model */,
			);
			path = Core;
			sourceTree = "<group>";
		};
		09D352FC28D9F98A00CA5D1F /* Model */ = {
			isa = PBXGroup;
			children = (
				09B398702811CC0E0067ECE4 /* WorkoutModel.swift */,
				09B398722811CC180067ECE4 /* ExerciseModel.swift */,
				09A4F4AE28266C9500E73DE2 /* SetModel.swift */,
				09376AE528DC8A3900732AF5 /* ScheduleModel.swift */,
			);
			path = Model;
			sourceTree = "<group>";
		};
		09E99F1328CE652700384522 /* Utilities */ = {
			isa = PBXGroup;
			children = (
				09BA3888287DEEAD00E88368 /* HapticManager.swift */,
				09ACE7042880482F001FDCFF /* NotificationManager.swift */,
			);
			path = Utilities;
			sourceTree = "<group>";
		};
		09FE5012280DD95600DE4368 = {
			isa = PBXGroup;
			children = (
				09FE501D280DD95600DE4368 /* FitnessApp */,
				09FE501C280DD95600DE4368 /* Products */,
			);
			sourceTree = "<group>";
		};
		09FE501C280DD95600DE4368 /* Products */ = {
			isa = PBXGroup;
			children = (
				09FE501B280DD95600DE4368 /* FitnessApp.app */,
			);
			name = Products;
			sourceTree = "<group>";
		};
		09FE501D280DD95600DE4368 /* FitnessApp */ = {
			isa = PBXGroup;
			children = (
				09FE501E280DD95600DE4368 /* FitnessAppApp.swift */,
				09E99F1328CE652700384522 /* Utilities */,
				09D352F928D9E93D00CA5D1F /* CoreData */,
				09D352FB28D9F96000CA5D1F /* Core */,
				09FE5022280DD95700DE4368 /* Assets.xcassets */,
				09FE5024280DD95700DE4368 /* Preview Content */,
			);
			path = FitnessApp;
			sourceTree = "<group>";
		};
		09FE5024280DD95700DE4368 /* Preview Content */ = {
			isa = PBXGroup;
			children = (
				09FE5025280DD95700DE4368 /* Preview Assets.xcassets */,
			);
			path = "Preview Content";
			sourceTree = "<group>";
		};
		09FE502C280DD9A700DE4368 /* View */ = {
			isa = PBXGroup;
			children = (
				09FE5035280DF50C00DE4368 /* BaseView.swift */,
				09A4F4B42826746700E73DE2 /* HomeTab */,
				09A4F4B52826748300E73DE2 /* CalendarTab */,
				09A4F4B62826748E00E73DE2 /* WorkoutTab */,
				09A4F4B7282674A600E73DE2 /* ProfileTab */,
			);
			path = View;
			sourceTree = "<group>";
		};
		09FE502D280DD9AE00DE4368 /* View Model */ = {
			isa = PBXGroup;
			children = (
				09A1F868281976FA00ADD4FE /* WorkoutManager.swift */,
				09FE5033280DDF4100DE4368 /* DateModel.swift */,
				09C23954281ED6100077D8AD /* ViewRouter.swift */,
			);
			path = "View Model";
			sourceTree = "<group>";
		};
/* End PBXGroup section */

/* Begin PBXNativeTarget section */
		09FE501A280DD95600DE4368 /* FitnessApp */ = {
			isa = PBXNativeTarget;
			buildConfigurationList = 09FE5029280DD95700DE4368 /* Build configuration list for PBXNativeTarget "FitnessApp" */;
			buildPhases = (
				09FE5017280DD95600DE4368 /* Sources */,
				09FE5018280DD95600DE4368 /* Frameworks */,
				09FE5019280DD95600DE4368 /* Resources */,
			);
			buildRules = (
			);
			dependencies = (
			);
			name = FitnessApp;
			packageProductDependencies = (
			);
			productName = FitnessApp;
			productReference = 09FE501B280DD95600DE4368 /* FitnessApp.app */;
			productType = "com.apple.product-type.application";
		};
/* End PBXNativeTarget section */

/* Begin PBXProject section */
		09FE5013280DD95600DE4368 /* Project object */ = {
			isa = PBXProject;
			attributes = {
				BuildIndependentTargetsInParallel = 1;
				LastSwiftUpdateCheck = 1330;
				LastUpgradeCheck = 1330;
				TargetAttributes = {
					09FE501A280DD95600DE4368 = {
						CreatedOnToolsVersion = 13.3.1;
					};
				};
			};
			buildConfigurationList = 09FE5016280DD95600DE4368 /* Build configuration list for PBXProject "FitnessApp" */;
			compatibilityVersion = "Xcode 13.0";
			developmentRegion = en;
			hasScannedForEncodings = 0;
			knownRegions = (
				en,
				Base,
			);
			mainGroup = 09FE5012280DD95600DE4368;
			packageReferences = (
			);
			productRefGroup = 09FE501C280DD95600DE4368 /* Products */;
			projectDirPath = "";
			projectRoot = "";
			targets = (
				09FE501A280DD95600DE4368 /* FitnessApp */,
			);
		};
/* End PBXProject section */

/* Begin PBXResourcesBuildPhase section */
		09FE5019280DD95600DE4368 /* Resources */ = {
			isa = PBXResourcesBuildPhase;
			buildActionMask = 2147483647;
			files = (
				09FE5026280DD95700DE4368 /* Preview Assets.xcassets in Resources */,
				09FE5023280DD95700DE4368 /* Assets.xcassets in Resources */,
			);
			runOnlyForDeploymentPostprocessing = 0;
		};
/* End PBXResourcesBuildPhase section */

/* Begin PBXSourcesBuildPhase section */
		09FE5017280DD95600DE4368 /* Sources */ = {
			isa = PBXSourcesBuildPhase;
			buildActionMask = 2147483647;
			files = (
				09ACE7072880A6C4001FDCFF /* CreateExerciseSheetView.swift in Sources */,
				09BCA62F28DF54C8006AC5F2 /* EmptyView.swift in Sources */,
				09A91B3E28DB516D00C5C985 /* StoreSetEntity+CoreDataClass.swift in Sources */,
				098D3B39289AAB410003C06D /* CoreDataManager.swift in Sources */,
				09C2395B281EE05D0077D8AD /* ProfileTabView.swift in Sources */,
				09A408382885595D0026632C /* MultiSelectPickerView.swift in Sources */,
				09C23957281EE0390077D8AD /* CalendarTabView.swift in Sources */,
				09B398732811CC180067ECE4 /* ExerciseModel.swift in Sources */,
				09A1F869281976FA00ADD4FE /* WorkoutManager.swift in Sources */,
				09376AEE28DCD16400732AF5 /* WorkoutEntity+CoreDataProperties.swift in Sources */,
				09FE5034280DDF4100DE4368 /* DateModel.swift in Sources */,
				09A91B3F28DB516D00C5C985 /* StoreSetEntity+CoreDataProperties.swift in Sources */,
				09A4F4AF28266C9500E73DE2 /* SetModel.swift in Sources */,
				09B398712811CC0E0067ECE4 /* WorkoutModel.swift in Sources */,
				09376AEB28DCD16400732AF5 /* ScheduleEntity+CoreDataClass.swift in Sources */,
				09A91B4128DB516D00C5C985 /* ExerciseEntity+CoreDataProperties.swift in Sources */,
				09376AED28DCD16400732AF5 /* WorkoutEntity+CoreDataClass.swift in Sources */,
				09C23959281EE0480077D8AD /* WorkoutsTabView.swift in Sources */,
				09376AEC28DCD16400732AF5 /* ScheduleEntity+CoreDataProperties.swift in Sources */,
				09A91B4028DB516D00C5C985 /* ExerciseEntity+CoreDataClass.swift in Sources */,
				09A7CA1E288AEE8500211FDB /* WeekView.swift in Sources */,
				09F0AD2F283BD5C200A7E1AE /* WorkoutCardView.swift in Sources */,
				09A91B4328DB516D00C5C985 /* SetEntity+CoreDataProperties.swift in Sources */,
				09C23955281ED6100077D8AD /* ViewRouter.swift in Sources */,
				09A75F802881925A001CF5B9 /* CollectionTabView.swift in Sources */,
				09A760762884966900381E05 /* ExerciseCardView.swift in Sources */,
				09CD7B9328CBA69600F6FAD6 /* CollectionContainer.xcdatamodeld in Sources */,
				09FE502F280DD9DF00DE4368 /* HomeTabView.swift in Sources */,
				09FE5036280DF50C00DE4368 /* BaseView.swift in Sources */,
				09FE542A2825C89F0088D91D /* CreateWorkoutSheetView.swift in Sources */,
				09ACE7052880482F001FDCFF /* NotificationManager.swift in Sources */,
				09FE501F280DD95600DE4368 /* FitnessAppApp.swift in Sources */,
				09BA3889287DEEAD00E88368 /* HapticManager.swift in Sources */,
				09A91B3C28DB516D00C5C985 /* StoreExerciseEntity+CoreDataClass.swift in Sources */,
				09A75F822881ABAB001CF5B9 /* ExercisesTabView.swift in Sources */,
				09A91B3D28DB516D00C5C985 /* StoreExerciseEntity+CoreDataProperties.swift in Sources */,
				09981B2D2850DB8200EB909B /* AssignWorkoutDatePickerView.swift in Sources */,
				09376AE628DC8A3900732AF5 /* ScheduleModel.swift in Sources */,
				09A91B4228DB516D00C5C985 /* SetEntity+CoreDataClass.swift in Sources */,
			);
			runOnlyForDeploymentPostprocessing = 0;
		};
/* End PBXSourcesBuildPhase section */

/* Begin XCBuildConfiguration section */
		09FE5027280DD95700DE4368 /* Debug */ = {
			isa = XCBuildConfiguration;
			buildSettings = {
				ALWAYS_SEARCH_USER_PATHS = NO;
				CLANG_ANALYZER_NONNULL = YES;
				CLANG_ANALYZER_NUMBER_OBJECT_CONVERSION = YES_AGGRESSIVE;
				CLANG_CXX_LANGUAGE_STANDARD = "gnu++17";
				CLANG_ENABLE_MODULES = YES;
				CLANG_ENABLE_OBJC_ARC = YES;
				CLANG_ENABLE_OBJC_WEAK = YES;
				CLANG_WARN_BLOCK_CAPTURE_AUTORELEASING = YES;
				CLANG_WARN_BOOL_CONVERSION = YES;
				CLANG_WARN_COMMA = YES;
				CLANG_WARN_CONSTANT_CONVERSION = YES;
				CLANG_WARN_DEPRECATED_OBJC_IMPLEMENTATIONS = YES;
				CLANG_WARN_DIRECT_OBJC_ISA_USAGE = YES_ERROR;
				CLANG_WARN_DOCUMENTATION_COMMENTS = YES;
				CLANG_WARN_EMPTY_BODY = YES;
				CLANG_WARN_ENUM_CONVERSION = YES;
				CLANG_WARN_INFINITE_RECURSION = YES;
				CLANG_WARN_INT_CONVERSION = YES;
				CLANG_WARN_NON_LITERAL_NULL_CONVERSION = YES;
				CLANG_WARN_OBJC_IMPLICIT_RETAIN_SELF = YES;
				CLANG_WARN_OBJC_LITERAL_CONVERSION = YES;
				CLANG_WARN_OBJC_ROOT_CLASS = YES_ERROR;
				CLANG_WARN_QUOTED_INCLUDE_IN_FRAMEWORK_HEADER = YES;
				CLANG_WARN_RANGE_LOOP_ANALYSIS = YES;
				CLANG_WARN_STRICT_PROTOTYPES = YES;
				CLANG_WARN_SUSPICIOUS_MOVE = YES;
				CLANG_WARN_UNGUARDED_AVAILABILITY = YES_AGGRESSIVE;
				CLANG_WARN_UNREACHABLE_CODE = YES;
				CLANG_WARN__DUPLICATE_METHOD_MATCH = YES;
				COPY_PHASE_STRIP = NO;
				DEBUG_INFORMATION_FORMAT = dwarf;
				ENABLE_STRICT_OBJC_MSGSEND = YES;
				ENABLE_TESTABILITY = YES;
				GCC_C_LANGUAGE_STANDARD = gnu11;
				GCC_DYNAMIC_NO_PIC = NO;
				GCC_NO_COMMON_BLOCKS = YES;
				GCC_OPTIMIZATION_LEVEL = 0;
				GCC_PREPROCESSOR_DEFINITIONS = (
					"DEBUG=1",
					"$(inherited)",
				);
				GCC_WARN_64_TO_32_BIT_CONVERSION = YES;
				GCC_WARN_ABOUT_RETURN_TYPE = YES_ERROR;
				GCC_WARN_UNDECLARED_SELECTOR = YES;
				GCC_WARN_UNINITIALIZED_AUTOS = YES_AGGRESSIVE;
				GCC_WARN_UNUSED_FUNCTION = YES;
				GCC_WARN_UNUSED_VARIABLE = YES;
				IPHONEOS_DEPLOYMENT_TARGET = 15.4;
				MTL_ENABLE_DEBUG_INFO = INCLUDE_SOURCE;
				MTL_FAST_MATH = YES;
				ONLY_ACTIVE_ARCH = YES;
				SDKROOT = iphoneos;
				SWIFT_ACTIVE_COMPILATION_CONDITIONS = DEBUG;
				SWIFT_OPTIMIZATION_LEVEL = "-Onone";
			};
			name = Debug;
		};
		09FE5028280DD95700DE4368 /* Release */ = {
			isa = XCBuildConfiguration;
			buildSettings = {
				ALWAYS_SEARCH_USER_PATHS = NO;
				CLANG_ANALYZER_NONNULL = YES;
				CLANG_ANALYZER_NUMBER_OBJECT_CONVERSION = YES_AGGRESSIVE;
				CLANG_CXX_LANGUAGE_STANDARD = "gnu++17";
				CLANG_ENABLE_MODULES = YES;
				CLANG_ENABLE_OBJC_ARC = YES;
				CLANG_ENABLE_OBJC_WEAK = YES;
				CLANG_WARN_BLOCK_CAPTURE_AUTORELEASING = YES;
				CLANG_WARN_BOOL_CONVERSION = YES;
				CLANG_WARN_COMMA = YES;
				CLANG_WARN_CONSTANT_CONVERSION = YES;
				CLANG_WARN_DEPRECATED_OBJC_IMPLEMENTATIONS = YES;
				CLANG_WARN_DIRECT_OBJC_ISA_USAGE = YES_ERROR;
				CLANG_WARN_DOCUMENTATION_COMMENTS = YES;
				CLANG_WARN_EMPTY_BODY = YES;
				CLANG_WARN_ENUM_CONVERSION = YES;
				CLANG_WARN_INFINITE_RECURSION = YES;
				CLANG_WARN_INT_CONVERSION = YES;
				CLANG_WARN_NON_LITERAL_NULL_CONVERSION = YES;
				CLANG_WARN_OBJC_IMPLICIT_RETAIN_SELF = YES;
				CLANG_WARN_OBJC_LITERAL_CONVERSION = YES;
				CLANG_WARN_OBJC_ROOT_CLASS = YES_ERROR;
				CLANG_WARN_QUOTED_INCLUDE_IN_FRAMEWORK_HEADER = YES;
				CLANG_WARN_RANGE_LOOP_ANALYSIS = YES;
				CLANG_WARN_STRICT_PROTOTYPES = YES;
				CLANG_WARN_SUSPICIOUS_MOVE = YES;
				CLANG_WARN_UNGUARDED_AVAILABILITY = YES_AGGRESSIVE;
				CLANG_WARN_UNREACHABLE_CODE = YES;
				CLANG_WARN__DUPLICATE_METHOD_MATCH = YES;
				COPY_PHASE_STRIP = NO;
				DEBUG_INFORMATION_FORMAT = "dwarf-with-dsym";
				ENABLE_NS_ASSERTIONS = NO;
				ENABLE_STRICT_OBJC_MSGSEND = YES;
				GCC_C_LANGUAGE_STANDARD = gnu11;
				GCC_NO_COMMON_BLOCKS = YES;
				GCC_WARN_64_TO_32_BIT_CONVERSION = YES;
				GCC_WARN_ABOUT_RETURN_TYPE = YES_ERROR;
				GCC_WARN_UNDECLARED_SELECTOR = YES;
				GCC_WARN_UNINITIALIZED_AUTOS = YES_AGGRESSIVE;
				GCC_WARN_UNUSED_FUNCTION = YES;
				GCC_WARN_UNUSED_VARIABLE = YES;
				IPHONEOS_DEPLOYMENT_TARGET = 15.4;
				MTL_ENABLE_DEBUG_INFO = NO;
				MTL_FAST_MATH = YES;
				SDKROOT = iphoneos;
				SWIFT_COMPILATION_MODE = wholemodule;
				SWIFT_OPTIMIZATION_LEVEL = "-O";
				VALIDATE_PRODUCT = YES;
			};
			name = Release;
		};
		09FE502A280DD95700DE4368 /* Debug */ = {
			isa = XCBuildConfiguration;
			buildSettings = {
				ASSETCATALOG_COMPILER_APPICON_NAME = AppIcon;
				ASSETCATALOG_COMPILER_GLOBAL_ACCENT_COLOR_NAME = AccentColor;
				ASSETCATALOG_COMPILER_INCLUDE_ALL_APPICON_ASSETS = NO;
				CODE_SIGN_STYLE = Automatic;
				CURRENT_PROJECT_VERSION = 1;
				DEVELOPMENT_ASSET_PATHS = "\"FitnessApp/Preview Content\"";
				DEVELOPMENT_TEAM = 878Q47ZQ84;
				ENABLE_PREVIEWS = YES;
				GENERATE_INFOPLIST_FILE = YES;
				INFOPLIST_FILE = FitnessApp/Info.plist;
				INFOPLIST_KEY_LSApplicationCategoryType = "public.app-category.healthcare-fitness";
				INFOPLIST_KEY_UIApplicationSceneManifest_Generation = YES;
				INFOPLIST_KEY_UIApplicationSupportsIndirectInputEvents = YES;
				INFOPLIST_KEY_UILaunchScreen_Generation = YES;
				INFOPLIST_KEY_UIStatusBarHidden = NO;
				INFOPLIST_KEY_UISupportedInterfaceOrientations = UIInterfaceOrientationPortrait;
				INFOPLIST_KEY_UISupportedInterfaceOrientations_iPad = "UIInterfaceOrientationLandscapeLeft UIInterfaceOrientationLandscapeRight UIInterfaceOrientationPortraitUpsideDown";
				IPHONEOS_DEPLOYMENT_TARGET = 16.0;
				LD_RUNPATH_SEARCH_PATHS = (
					"$(inherited)",
					"@executable_path/Frameworks",
				);
				MARKETING_VERSION = 1.0;
				PRODUCT_BUNDLE_IDENTIFIER = com.RobertBasamac.FitnessApp;
				PRODUCT_NAME = "$(TARGET_NAME)";
				SWIFT_EMIT_LOC_STRINGS = YES;
				SWIFT_VERSION = 5.0;
				TARGETED_DEVICE_FAMILY = 1;
			};
			name = Debug;
		};
		09FE502B280DD95700DE4368 /* Release */ = {
			isa = XCBuildConfiguration;
			buildSettings = {
				ASSETCATALOG_COMPILER_APPICON_NAME = AppIcon;
				ASSETCATALOG_COMPILER_GLOBAL_ACCENT_COLOR_NAME = AccentColor;
				ASSETCATALOG_COMPILER_INCLUDE_ALL_APPICON_ASSETS = NO;
				CODE_SIGN_STYLE = Automatic;
				CURRENT_PROJECT_VERSION = 1;
				DEVELOPMENT_ASSET_PATHS = "\"FitnessApp/Preview Content\"";
				DEVELOPMENT_TEAM = 878Q47ZQ84;
				ENABLE_PREVIEWS = YES;
				GENERATE_INFOPLIST_FILE = YES;
				INFOPLIST_FILE = FitnessApp/Info.plist;
				INFOPLIST_KEY_LSApplicationCategoryType = "public.app-category.healthcare-fitness";
				INFOPLIST_KEY_UIApplicationSceneManifest_Generation = YES;
				INFOPLIST_KEY_UIApplicationSupportsIndirectInputEvents = YES;
				INFOPLIST_KEY_UILaunchScreen_Generation = YES;
				INFOPLIST_KEY_UIStatusBarHidden = NO;
				INFOPLIST_KEY_UISupportedInterfaceOrientations = UIInterfaceOrientationPortrait;
				INFOPLIST_KEY_UISupportedInterfaceOrientations_iPad = "UIInterfaceOrientationLandscapeLeft UIInterfaceOrientationLandscapeRight UIInterfaceOrientationPortraitUpsideDown";
				IPHONEOS_DEPLOYMENT_TARGET = 16.0;
				LD_RUNPATH_SEARCH_PATHS = (
					"$(inherited)",
					"@executable_path/Frameworks",
				);
				MARKETING_VERSION = 1.0;
				PRODUCT_BUNDLE_IDENTIFIER = com.RobertBasamac.FitnessApp;
				PRODUCT_NAME = "$(TARGET_NAME)";
				SWIFT_EMIT_LOC_STRINGS = YES;
				SWIFT_VERSION = 5.0;
				TARGETED_DEVICE_FAMILY = 1;
			};
			name = Release;
		};
/* End XCBuildConfiguration section */

/* Begin XCConfigurationList section */
		09FE5016280DD95600DE4368 /* Build configuration list for PBXProject "FitnessApp" */ = {
			isa = XCConfigurationList;
			buildConfigurations = (
				09FE5027280DD95700DE4368 /* Debug */,
				09FE5028280DD95700DE4368 /* Release */,
			);
			defaultConfigurationIsVisible = 0;
			defaultConfigurationName = Release;
		};
		09FE5029280DD95700DE4368 /* Build configuration list for PBXNativeTarget "FitnessApp" */ = {
			isa = XCConfigurationList;
			buildConfigurations = (
				09FE502A280DD95700DE4368 /* Debug */,
				09FE502B280DD95700DE4368 /* Release */,
			);
			defaultConfigurationIsVisible = 0;
			defaultConfigurationName = Release;
		};
/* End XCConfigurationList section */

/* Begin XCVersionGroup section */
		09CD7B9128CBA69600F6FAD6 /* CollectionContainer.xcdatamodeld */ = {
			isa = XCVersionGroup;
			children = (
				09CD7B9228CBA69600F6FAD6 /* CollectionContainer.xcdatamodel */,
			);
			currentVersion = 09CD7B9228CBA69600F6FAD6 /* CollectionContainer.xcdatamodel */;
			path = CollectionContainer.xcdatamodeld;
			sourceTree = "<group>";
			versionGroupType = wrapper.xcdatamodel;
		};
/* End XCVersionGroup section */
	};
	rootObject = 09FE5013280DD95600DE4368 /* Project object */;
}
