// !$*UTF8*$!
{
	archiveVersion = 1;
	classes = {
	};
	objectVersion = 55;
	objects = {

/* Begin PBXBuildFile section */
		09A1F869281976FA00ADD4FE /* WorkoutManager.swift in Sources */ = {isa = PBXBuildFile; fileRef = 09A1F868281976FA00ADD4FE /* WorkoutManager.swift */; };
		09A1F86B28198BDB00ADD4FE /* HeaderView.swift in Sources */ = {isa = PBXBuildFile; fileRef = 09A1F86A28198BDB00ADD4FE /* HeaderView.swift */; };
		09A1F86D2819B39B00ADD4FE /* WorkoutsView.swift in Sources */ = {isa = PBXBuildFile; fileRef = 09A1F86C2819B39B00ADD4FE /* WorkoutsView.swift */; };
		09B3986E2811CC040067ECE4 /* Schedule.swift in Sources */ = {isa = PBXBuildFile; fileRef = 09B3986D2811CC040067ECE4 /* Schedule.swift */; };
		09B398712811CC0E0067ECE4 /* Workout.swift in Sources */ = {isa = PBXBuildFile; fileRef = 09B398702811CC0E0067ECE4 /* Workout.swift */; };
		09B398732811CC180067ECE4 /* Exercise.swift in Sources */ = {isa = PBXBuildFile; fileRef = 09B398722811CC180067ECE4 /* Exercise.swift */; };
		09FE501F280DD95600DE4368 /* FitnessAppApp.swift in Sources */ = {isa = PBXBuildFile; fileRef = 09FE501E280DD95600DE4368 /* FitnessAppApp.swift */; };
		09FE5023280DD95700DE4368 /* Assets.xcassets in Resources */ = {isa = PBXBuildFile; fileRef = 09FE5022280DD95700DE4368 /* Assets.xcassets */; };
		09FE5026280DD95700DE4368 /* Preview Assets.xcassets in Resources */ = {isa = PBXBuildFile; fileRef = 09FE5025280DD95700DE4368 /* Preview Assets.xcassets */; };
		09FE502F280DD9DF00DE4368 /* HomeView.swift in Sources */ = {isa = PBXBuildFile; fileRef = 09FE502E280DD9DF00DE4368 /* HomeView.swift */; };
		09FE5034280DDF4100DE4368 /* DateModel.swift in Sources */ = {isa = PBXBuildFile; fileRef = 09FE5033280DDF4100DE4368 /* DateModel.swift */; };
		09FE5036280DF50C00DE4368 /* BaseView.swift in Sources */ = {isa = PBXBuildFile; fileRef = 09FE5035280DF50C00DE4368 /* BaseView.swift */; };
/* End PBXBuildFile section */

/* Begin PBXFileReference section */
		09A1F868281976FA00ADD4FE /* WorkoutManager.swift */ = {isa = PBXFileReference; lastKnownFileType = sourcecode.swift; path = WorkoutManager.swift; sourceTree = "<group>"; };
		09A1F86A28198BDB00ADD4FE /* HeaderView.swift */ = {isa = PBXFileReference; lastKnownFileType = sourcecode.swift; path = HeaderView.swift; sourceTree = "<group>"; };
		09A1F86C2819B39B00ADD4FE /* WorkoutsView.swift */ = {isa = PBXFileReference; lastKnownFileType = sourcecode.swift; path = WorkoutsView.swift; sourceTree = "<group>"; };
		09B3986D2811CC040067ECE4 /* Schedule.swift */ = {isa = PBXFileReference; lastKnownFileType = sourcecode.swift; path = Schedule.swift; sourceTree = "<group>"; };
		09B398702811CC0E0067ECE4 /* Workout.swift */ = {isa = PBXFileReference; lastKnownFileType = sourcecode.swift; path = Workout.swift; sourceTree = "<group>"; };
		09B398722811CC180067ECE4 /* Exercise.swift */ = {isa = PBXFileReference; lastKnownFileType = sourcecode.swift; path = Exercise.swift; sourceTree = "<group>"; };
		09FE501B280DD95600DE4368 /* FitnessApp.app */ = {isa = PBXFileReference; explicitFileType = wrapper.application; includeInIndex = 0; path = FitnessApp.app; sourceTree = BUILT_PRODUCTS_DIR; };
		09FE501E280DD95600DE4368 /* FitnessAppApp.swift */ = {isa = PBXFileReference; lastKnownFileType = sourcecode.swift; path = FitnessAppApp.swift; sourceTree = "<group>"; };
		09FE5022280DD95700DE4368 /* Assets.xcassets */ = {isa = PBXFileReference; lastKnownFileType = folder.assetcatalog; path = Assets.xcassets; sourceTree = "<group>"; };
		09FE5025280DD95700DE4368 /* Preview Assets.xcassets */ = {isa = PBXFileReference; lastKnownFileType = folder.assetcatalog; path = "Preview Assets.xcassets"; sourceTree = "<group>"; };
		09FE502E280DD9DF00DE4368 /* HomeView.swift */ = {isa = PBXFileReference; lastKnownFileType = sourcecode.swift; path = HomeView.swift; sourceTree = "<group>"; };
		09FE5033280DDF4100DE4368 /* DateModel.swift */ = {isa = PBXFileReference; lastKnownFileType = sourcecode.swift; path = DateModel.swift; sourceTree = "<group>"; };
		09FE5035280DF50C00DE4368 /* BaseView.swift */ = {isa = PBXFileReference; lastKnownFileType = sourcecode.swift; path = BaseView.swift; sourceTree = "<group>"; };
/* End PBXFileReference section */

/* Begin PBXFrameworksBuildPhase section */
		09FE5018280DD95600DE4368 /* Frameworks */ = {
			isa = PBXFrameworksBuildPhase;
			buildActionMask = 2147483647;
			files = (
			);
			runOnlyForDeploymentPostprocessing = 0;
		};
/* End PBXFrameworksBuildPhase section */

/* Begin PBXGroup section */
		09B3986C2811CBE10067ECE4 /* Model */ = {
			isa = PBXGroup;
			children = (
				09B3986D2811CC040067ECE4 /* Schedule.swift */,
				09B398702811CC0E0067ECE4 /* Workout.swift */,
				09B398722811CC180067ECE4 /* Exercise.swift */,
				09A1F868281976FA00ADD4FE /* WorkoutManager.swift */,
				09FE5033280DDF4100DE4368 /* DateModel.swift */,
			);
			path = Model;
			sourceTree = "<group>";
		};
		09FE5012280DD95600DE4368 = {
			isa = PBXGroup;
			children = (
				09FE501D280DD95600DE4368 /* FitnessApp */,
				09FE501C280DD95600DE4368 /* Products */,
			);
			sourceTree = "<group>";
		};
		09FE501C280DD95600DE4368 /* Products */ = {
			isa = PBXGroup;
			children = (
				09FE501B280DD95600DE4368 /* FitnessApp.app */,
			);
			name = Products;
			sourceTree = "<group>";
		};
		09FE501D280DD95600DE4368 /* FitnessApp */ = {
			isa = PBXGroup;
			children = (
				09B3986C2811CBE10067ECE4 /* Model */,
				09FE502D280DD9AE00DE4368 /* View Model */,
				09FE502C280DD9A700DE4368 /* View */,
				09FE501E280DD95600DE4368 /* FitnessAppApp.swift */,
				09FE5022280DD95700DE4368 /* Assets.xcassets */,
				09FE5024280DD95700DE4368 /* Preview Content */,
			);
			path = FitnessApp;
			sourceTree = "<group>";
		};
		09FE5024280DD95700DE4368 /* Preview Content */ = {
			isa = PBXGroup;
			children = (
				09FE5025280DD95700DE4368 /* Preview Assets.xcassets */,
			);
			path = "Preview Content";
			sourceTree = "<group>";
		};
		09FE502C280DD9A700DE4368 /* View */ = {
			isa = PBXGroup;
			children = (
				09FE5035280DF50C00DE4368 /* BaseView.swift */,
				09FE502E280DD9DF00DE4368 /* HomeView.swift */,
				09A1F86C2819B39B00ADD4FE /* WorkoutsView.swift */,
				09A1F86A28198BDB00ADD4FE /* HeaderView.swift */,
			);
			path = View;
			sourceTree = "<group>";
		};
		09FE502D280DD9AE00DE4368 /* View Model */ = {
			isa = PBXGroup;
			children = (
			);
			path = "View Model";
			sourceTree = "<group>";
		};
/* End PBXGroup section */

/* Begin PBXNativeTarget section */
		09FE501A280DD95600DE4368 /* FitnessApp */ = {
			isa = PBXNativeTarget;
			buildConfigurationList = 09FE5029280DD95700DE4368 /* Build configuration list for PBXNativeTarget "FitnessApp" */;
			buildPhases = (
				09FE5017280DD95600DE4368 /* Sources */,
				09FE5018280DD95600DE4368 /* Frameworks */,
				09FE5019280DD95600DE4368 /* Resources */,
			);
			buildRules = (
			);
			dependencies = (
			);
			name = FitnessApp;
			productName = FitnessApp;
			productReference = 09FE501B280DD95600DE4368 /* FitnessApp.app */;
			productType = "com.apple.product-type.application";
		};
/* End PBXNativeTarget section */

/* Begin PBXProject section */
		09FE5013280DD95600DE4368 /* Project object */ = {
			isa = PBXProject;
			attributes = {
				BuildIndependentTargetsInParallel = 1;
				LastSwiftUpdateCheck = 1330;
				LastUpgradeCheck = 1330;
				TargetAttributes = {
					09FE501A280DD95600DE4368 = {
						CreatedOnToolsVersion = 13.3.1;
					};
				};
			};
			buildConfigurationList = 09FE5016280DD95600DE4368 /* Build configuration list for PBXProject "FitnessApp" */;
			compatibilityVersion = "Xcode 13.0";
			developmentRegion = en;
			hasScannedForEncodings = 0;
			knownRegions = (
				en,
				Base,
			);
			mainGroup = 09FE5012280DD95600DE4368;
			productRefGroup = 09FE501C280DD95600DE4368 /* Products */;
			projectDirPath = "";
			projectRoot = "";
			targets = (
				09FE501A280DD95600DE4368 /* FitnessApp */,
			);
		};
/* End PBXProject section */

/* Begin PBXResourcesBuildPhase section */
		09FE5019280DD95600DE4368 /* Resources */ = {
			isa = PBXResourcesBuildPhase;
			buildActionMask = 2147483647;
			files = (
				09FE5026280DD95700DE4368 /* Preview Assets.xcassets in Resources */,
				09FE5023280DD95700DE4368 /* Assets.xcassets in Resources */,
			);
			runOnlyForDeploymentPostprocessing = 0;
		};
/* End PBXResourcesBuildPhase section */

/* Begin PBXSourcesBuildPhase section */
		09FE5017280DD95600DE4368 /* Sources */ = {
			isa = PBXSourcesBuildPhase;
			buildActionMask = 2147483647;
			files = (
				09B3986E2811CC040067ECE4 /* Schedule.swift in Sources */,
				09A1F86B28198BDB00ADD4FE /* HeaderView.swift in Sources */,
				09B398732811CC180067ECE4 /* Exercise.swift in Sources */,
				09A1F869281976FA00ADD4FE /* WorkoutManager.swift in Sources */,
				09FE5034280DDF4100DE4368 /* DateModel.swift in Sources */,
				09B398712811CC0E0067ECE4 /* Workout.swift in Sources */,
				09A1F86D2819B39B00ADD4FE /* WorkoutsView.swift in Sources */,
				09FE502F280DD9DF00DE4368 /* HomeView.swift in Sources */,
				09FE5036280DF50C00DE4368 /* BaseView.swift in Sources */,
				09FE501F280DD95600DE4368 /* FitnessAppApp.swift in Sources */,
			);
			runOnlyForDeploymentPostprocessing = 0;
		};
/* End PBXSourcesBuildPhase section */

/* Begin XCBuildConfiguration section */
		09FE5027280DD95700DE4368 /* Debug */ = {
			isa = XCBuildConfiguration;
			buildSettings = {
				ALWAYS_SEARCH_USER_PATHS = NO;
				CLANG_ANALYZER_NONNULL = YES;
				CLANG_ANALYZER_NUMBER_OBJECT_CONVERSION = YES_AGGRESSIVE;
				CLANG_CXX_LANGUAGE_STANDARD = "gnu++17";
				CLANG_ENABLE_MODULES = YES;
				CLANG_ENABLE_OBJC_ARC = YES;
				CLANG_ENABLE_OBJC_WEAK = YES;
				CLANG_WARN_BLOCK_CAPTURE_AUTORELEASING = YES;
				CLANG_WARN_BOOL_CONVERSION = YES;
				CLANG_WARN_COMMA = YES;
				CLANG_WARN_CONSTANT_CONVERSION = YES;
				CLANG_WARN_DEPRECATED_OBJC_IMPLEMENTATIONS = YES;
				CLANG_WARN_DIRECT_OBJC_ISA_USAGE = YES_ERROR;
				CLANG_WARN_DOCUMENTATION_COMMENTS = YES;
				CLANG_WARN_EMPTY_BODY = YES;
				CLANG_WARN_ENUM_CONVERSION = YES;
				CLANG_WARN_INFINITE_RECURSION = YES;
				CLANG_WARN_INT_CONVERSION = YES;
				CLANG_WARN_NON_LITERAL_NULL_CONVERSION = YES;
				CLANG_WARN_OBJC_IMPLICIT_RETAIN_SELF = YES;
				CLANG_WARN_OBJC_LITERAL_CONVERSION = YES;
				CLANG_WARN_OBJC_ROOT_CLASS = YES_ERROR;
				CLANG_WARN_QUOTED_INCLUDE_IN_FRAMEWORK_HEADER = YES;
				CLANG_WARN_RANGE_LOOP_ANALYSIS = YES;
				CLANG_WARN_STRICT_PROTOTYPES = YES;
				CLANG_WARN_SUSPICIOUS_MOVE = YES;
				CLANG_WARN_UNGUARDED_AVAILABILITY = YES_AGGRESSIVE;
				CLANG_WARN_UNREACHABLE_CODE = YES;
				CLANG_WARN__DUPLICATE_METHOD_MATCH = YES;
				COPY_PHASE_STRIP = NO;
				DEBUG_INFORMATION_FORMAT = dwarf;
				ENABLE_STRICT_OBJC_MSGSEND = YES;
				ENABLE_TESTABILITY = YES;
				GCC_C_LANGUAGE_STANDARD = gnu11;
				GCC_DYNAMIC_NO_PIC = NO;
				GCC_NO_COMMON_BLOCKS = YES;
				GCC_OPTIMIZATION_LEVEL = 0;
				GCC_PREPROCESSOR_DEFINITIONS = (
					"DEBUG=1",
					"$(inherited)",
				);
				GCC_WARN_64_TO_32_BIT_CONVERSION = YES;
				GCC_WARN_ABOUT_RETURN_TYPE = YES_ERROR;
				GCC_WARN_UNDECLARED_SELECTOR = YES;
				GCC_WARN_UNINITIALIZED_AUTOS = YES_AGGRESSIVE;
				GCC_WARN_UNUSED_FUNCTION = YES;
				GCC_WARN_UNUSED_VARIABLE = YES;
				IPHONEOS_DEPLOYMENT_TARGET = 15.4;
				MTL_ENABLE_DEBUG_INFO = INCLUDE_SOURCE;
				MTL_FAST_MATH = YES;
				ONLY_ACTIVE_ARCH = YES;
				SDKROOT = iphoneos;
				SWIFT_ACTIVE_COMPILATION_CONDITIONS = DEBUG;
				SWIFT_OPTIMIZATION_LEVEL = "-Onone";
			};
			name = Debug;
		};
		09FE5028280DD95700DE4368 /* Release */ = {
			isa = XCBuildConfiguration;
			buildSettings = {
				ALWAYS_SEARCH_USER_PATHS = NO;
				CLANG_ANALYZER_NONNULL = YES;
				CLANG_ANALYZER_NUMBER_OBJECT_CONVERSION = YES_AGGRESSIVE;
				CLANG_CXX_LANGUAGE_STANDARD = "gnu++17";
				CLANG_ENABLE_MODULES = YES;
				CLANG_ENABLE_OBJC_ARC = YES;
				CLANG_ENABLE_OBJC_WEAK = YES;
				CLANG_WARN_BLOCK_CAPTURE_AUTORELEASING = YES;
				CLANG_WARN_BOOL_CONVERSION = YES;
				CLANG_WARN_COMMA = YES;
				CLANG_WARN_CONSTANT_CONVERSION = YES;
				CLANG_WARN_DEPRECATED_OBJC_IMPLEMENTATIONS = YES;
				CLANG_WARN_DIRECT_OBJC_ISA_USAGE = YES_ERROR;
				CLANG_WARN_DOCUMENTATION_COMMENTS = YES;
				CLANG_WARN_EMPTY_BODY = YES;
				CLANG_WARN_ENUM_CONVERSION = YES;
				CLANG_WARN_INFINITE_RECURSION = YES;
				CLANG_WARN_INT_CONVERSION = YES;
				CLANG_WARN_NON_LITERAL_NULL_CONVERSION = YES;
				CLANG_WARN_OBJC_IMPLICIT_RETAIN_SELF = YES;
				CLANG_WARN_OBJC_LITERAL_CONVERSION = YES;
				CLANG_WARN_OBJC_ROOT_CLASS = YES_ERROR;
				CLANG_WARN_QUOTED_INCLUDE_IN_FRAMEWORK_HEADER = YES;
				CLANG_WARN_RANGE_LOOP_ANALYSIS = YES;
				CLANG_WARN_STRICT_PROTOTYPES = YES;
				CLANG_WARN_SUSPICIOUS_MOVE = YES;
				CLANG_WARN_UNGUARDED_AVAILABILITY = YES_AGGRESSIVE;
				CLANG_WARN_UNREACHABLE_CODE = YES;
				CLANG_WARN__DUPLICATE_METHOD_MATCH = YES;
				COPY_PHASE_STRIP = NO;
				DEBUG_INFORMATION_FORMAT = "dwarf-with-dsym";
				ENABLE_NS_ASSERTIONS = NO;
				ENABLE_STRICT_OBJC_MSGSEND = YES;
				GCC_C_LANGUAGE_STANDARD = gnu11;
				GCC_NO_COMMON_BLOCKS = YES;
				GCC_WARN_64_TO_32_BIT_CONVERSION = YES;
				GCC_WARN_ABOUT_RETURN_TYPE = YES_ERROR;
				GCC_WARN_UNDECLARED_SELECTOR = YES;
				GCC_WARN_UNINITIALIZED_AUTOS = YES_AGGRESSIVE;
				GCC_WARN_UNUSED_FUNCTION = YES;
				GCC_WARN_UNUSED_VARIABLE = YES;
				IPHONEOS_DEPLOYMENT_TARGET = 15.4;
				MTL_ENABLE_DEBUG_INFO = NO;
				MTL_FAST_MATH = YES;
				SDKROOT = iphoneos;
				SWIFT_COMPILATION_MODE = wholemodule;
				SWIFT_OPTIMIZATION_LEVEL = "-O";
				VALIDATE_PRODUCT = YES;
			};
			name = Release;
		};
		09FE502A280DD95700DE4368 /* Debug */ = {
			isa = XCBuildConfiguration;
			buildSettings = {
				ASSETCATALOG_COMPILER_APPICON_NAME = AppIcon;
				ASSETCATALOG_COMPILER_GLOBAL_ACCENT_COLOR_NAME = AccentColor;
				CODE_SIGN_STYLE = Automatic;
				CURRENT_PROJECT_VERSION = 1;
				DEVELOPMENT_ASSET_PATHS = "\"FitnessApp/Preview Content\"";
				DEVELOPMENT_TEAM = 878Q47ZQ84;
				ENABLE_PREVIEWS = YES;
				GENERATE_INFOPLIST_FILE = YES;
				INFOPLIST_FILE = FitnessApp/Info.plist;
				INFOPLIST_KEY_UIApplicationSceneManifest_Generation = YES;
				INFOPLIST_KEY_UIApplicationSupportsIndirectInputEvents = YES;
				INFOPLIST_KEY_UILaunchScreen_Generation = YES;
				INFOPLIST_KEY_UIStatusBarHidden = NO;
				INFOPLIST_KEY_UISupportedInterfaceOrientations = UIInterfaceOrientationPortrait;
				INFOPLIST_KEY_UISupportedInterfaceOrientations_iPad = "UIInterfaceOrientationPortrait UIInterfaceOrientationPortraitUpsideDown UIInterfaceOrientationLandscapeLeft UIInterfaceOrientationLandscapeRight";
				INFOPLIST_KEY_UISupportedInterfaceOrientations_iPhone = "UIInterfaceOrientationPortrait UIInterfaceOrientationLandscapeLeft UIInterfaceOrientationLandscapeRight";
				IPHONEOS_DEPLOYMENT_TARGET = 15.4;
				LD_RUNPATH_SEARCH_PATHS = (
					"$(inherited)",
					"@executable_path/Frameworks",
				);
				MARKETING_VERSION = 1.0;
				PRODUCT_BUNDLE_IDENTIFIER = com.RobertBasamac.FitnessApp;
				PRODUCT_NAME = "$(TARGET_NAME)";
				SWIFT_EMIT_LOC_STRINGS = YES;
				SWIFT_VERSION = 5.0;
				TARGETED_DEVICE_FAMILY = 1;
			};
			name = Debug;
		};
		09FE502B280DD95700DE4368 /* Release */ = {
			isa = XCBuildConfiguration;
			buildSettings = {
				ASSETCATALOG_COMPILER_APPICON_NAME = AppIcon;
				ASSETCATALOG_COMPILER_GLOBAL_ACCENT_COLOR_NAME = AccentColor;
				CODE_SIGN_STYLE = Automatic;
				CURRENT_PROJECT_VERSION = 1;
				DEVELOPMENT_ASSET_PATHS = "\"FitnessApp/Preview Content\"";
				DEVELOPMENT_TEAM = 878Q47ZQ84;
				ENABLE_PREVIEWS = YES;
				GENERATE_INFOPLIST_FILE = YES;
				INFOPLIST_FILE = FitnessApp/Info.plist;
				INFOPLIST_KEY_UIApplicationSceneManifest_Generation = YES;
				INFOPLIST_KEY_UIApplicationSupportsIndirectInputEvents = YES;
				INFOPLIST_KEY_UILaunchScreen_Generation = YES;
				INFOPLIST_KEY_UIStatusBarHidden = NO;
				INFOPLIST_KEY_UISupportedInterfaceOrientations = UIInterfaceOrientationPortrait;
				INFOPLIST_KEY_UISupportedInterfaceOrientations_iPad = "UIInterfaceOrientationPortrait UIInterfaceOrientationPortraitUpsideDown UIInterfaceOrientationLandscapeLeft UIInterfaceOrientationLandscapeRight";
				INFOPLIST_KEY_UISupportedInterfaceOrientations_iPhone = "UIInterfaceOrientationPortrait UIInterfaceOrientationLandscapeLeft UIInterfaceOrientationLandscapeRight";
				IPHONEOS_DEPLOYMENT_TARGET = 15.4;
				LD_RUNPATH_SEARCH_PATHS = (
					"$(inherited)",
					"@executable_path/Frameworks",
				);
				MARKETING_VERSION = 1.0;
				PRODUCT_BUNDLE_IDENTIFIER = com.RobertBasamac.FitnessApp;
				PRODUCT_NAME = "$(TARGET_NAME)";
				SWIFT_EMIT_LOC_STRINGS = YES;
				SWIFT_VERSION = 5.0;
				TARGETED_DEVICE_FAMILY = 1;
			};
			name = Release;
		};
/* End XCBuildConfiguration section */

/* Begin XCConfigurationList section */
		09FE5016280DD95600DE4368 /* Build configuration list for PBXProject "FitnessApp" */ = {
			isa = XCConfigurationList;
			buildConfigurations = (
				09FE5027280DD95700DE4368 /* Debug */,
				09FE5028280DD95700DE4368 /* Release */,
			);
			defaultConfigurationIsVisible = 0;
			defaultConfigurationName = Release;
		};
		09FE5029280DD95700DE4368 /* Build configuration list for PBXNativeTarget "FitnessApp" */ = {
			isa = XCConfigurationList;
			buildConfigurations = (
				09FE502A280DD95700DE4368 /* Debug */,
				09FE502B280DD95700DE4368 /* Release */,
			);
			defaultConfigurationIsVisible = 0;
			defaultConfigurationName = Release;
		};
/* End XCConfigurationList section */
	};
	rootObject = 09FE5013280DD95600DE4368 /* Project object */;
}
